
Microsoft Visual Studio Solution File, Format Version 12.00
# Visual Studio Version 17
VisualStudioVersion = 17.3.32922.545
MinimumVisualStudioVersion = 10.0.40219.1
Project("{FAE04EC0-301F-11D3-BF4B-00C04F79EFBC}") = "GiaoDien", "GiaoDien.csproj", "{BC283147-26C0-481F-8E50-33CC837C7788}"
EndProject
Global
	GlobalSection(SolutionConfigurationPlatforms) = preSolution
		Debug|Any CPU = Debug|Any CPU
		Release|Any CPU = Release|Any CPU
	EndGlobalSection
	GlobalSection(ProjectConfigurationPlatforms) = postSolution
		{BC283147-26C0-481F-8E50-33CC837C7788}.Debug|Any CPU.ActiveCfg = Debug|Any CPU
		{BC283147-26C0-481F-8E50-33CC837C7788}.Debug|Any CPU.Build.0 = Debug|Any CPU
		{BC283147-26C0-481F-8E50-33CC837C7788}.Release|Any CPU.ActiveCfg = Release|Any CPU
		{BC283147-26C0-481F-8E50-33CC837C7788}.Release|Any CPU.Build.0 = Release|Any CPU
	EndGlobalSection
	GlobalSection(SolutionProperties) = preSolution
		HideSolutionNode = FALSE
	EndGlobalSection
	GlobalSection(ExtensibilityGlobals) = postSolution
		SolutionGuid = {CE9041D5-B946-4F33-BA81-3B2C075A4215}
	EndGlobalSection
EndGlobal
